# This file is automatically @generated by Cargo.
# It is not intended for manual editing.
version = 4

[[package]]
name = "app"
version = "0.1.0"
dependencies = [
 "core",
 "testutil",
]

[[package]]
name = "core"
version = "0.1.0"
dependencies = [
 "leaf",
]

[[package]]
name = "leaf"
version = "0.1.0"

[[package]]
name = "testutil"
version = "0.1.0"
